
Microsoft Visual Studio Solution File, Format Version 12.00
# Visual Studio Version 16
VisualStudioVersion = 16.0.34114.132
MinimumVisualStudioVersion = 10.0.40219.1
Project("{FAE04EC0-301F-11D3-BF4B-00C04F79EFBC}") = "test_generacion_sodoku", "test_generacion_sodoku.csproj", "{DB89981A-D6A3-4139-AB69-A27B185B8408}"
EndProject
Global
	GlobalSection(SolutionConfigurationPlatforms) = preSolution
		Debug|Any CPU = Debug|Any CPU
		Release|Any CPU = Release|Any CPU
	EndGlobalSection
	GlobalSection(ProjectConfigurationPlatforms) = postSolution
		{DB89981A-D6A3-4139-AB69-A27B185B8408}.Debug|Any CPU.ActiveCfg = Debug|Any CPU
		{DB89981A-D6A3-4139-AB69-A27B185B8408}.Debug|Any CPU.Build.0 = Debug|Any CPU
		{DB89981A-D6A3-4139-AB69-A27B185B8408}.Release|Any CPU.ActiveCfg = Release|Any CPU
		{DB89981A-D6A3-4139-AB69-A27B185B8408}.Release|Any CPU.Build.0 = Release|Any CPU
	EndGlobalSection
	GlobalSection(SolutionProperties) = preSolution
		HideSolutionNode = FALSE
	EndGlobalSection
	GlobalSection(ExtensibilityGlobals) = postSolution
		SolutionGuid = {E58B4D5E-A1B3-4BDD-BD89-E29856E04907}
	EndGlobalSection
EndGlobal
